PODS:
  - Adjust (4.38.3):
    - Adjust/Core (= 4.38.3)
  - Adjust/Core (4.38.3)
  - HandlerIAP (0.3.0):
    - Adjust
    - SVProgressHUD
    - SwiftyJSON
  - SVProgressHUD (2.3.1):
    - SVProgressHUD/Core (= 2.3.1)
  - SVProgressHUD/Core (2.3.1)
  - SwiftyJSON (5.0.2)

DEPENDENCIES:
  - Adjust
  - HandlerIAP (from `../`)
  - SVProgressHUD
  - SwiftyJSON

SPEC REPOS:
  trunk:
    - Adjust
    - SVProgressHUD
    - SwiftyJSON

EXTERNAL SOURCES:
  HandlerIAP:
    :path: "../"

SPEC CHECKSUMS:
  Adjust: f446e1a51f7f07ef1c2d0267e079d5a83aed21bb
  HandlerIAP: 576ea8fc74c879e7d95d0090584b0f31bb4be3b0
  SVProgressHUD: 4837c74bdfe2e51e8821c397825996a8d7de6e22
  SwiftyJSON: f5b1bf1cd8dd53cd25887ac0eabcfd92301c6a5a

PODFILE CHECKSUM: 804d0b177bbf0a445b314d582e8bf7c27c33eee8

COCOAPODS: 1.15.2
